
Microsoft Visual Studio Solution File, Format Version 12.00
# Visual Studio Version 16
VisualStudioVersion = 16.0.31321.278
MinimumVisualStudioVersion = 10.0.40219.1
Project("{FAE04EC0-301F-11D3-BF4B-00C04F79EFBC}") = "RocketQuest", "RocketQuest\RocketQuest.csproj", "{592973DA-757C-4238-AC3F-3205DA3A5C93}"
EndProject
Global
	GlobalSection(SolutionConfigurationPlatforms) = preSolution
		Debug|Any CPU = Debug|Any CPU
		Release|Any CPU = Release|Any CPU
	EndGlobalSection
	GlobalSection(ProjectConfigurationPlatforms) = postSolution
		{592973DA-757C-4238-AC3F-3205DA3A5C93}.Debug|Any CPU.ActiveCfg = Debug|Any CPU
		{592973DA-757C-4238-AC3F-3205DA3A5C93}.Debug|Any CPU.Build.0 = Debug|Any CPU
		{592973DA-757C-4238-AC3F-3205DA3A5C93}.Release|Any CPU.ActiveCfg = Release|Any CPU
		{592973DA-757C-4238-AC3F-3205DA3A5C93}.Release|Any CPU.Build.0 = Release|Any CPU
	EndGlobalSection
	GlobalSection(SolutionProperties) = preSolution
		HideSolutionNode = FALSE
	EndGlobalSection
	GlobalSection(ExtensibilityGlobals) = postSolution
		SolutionGuid = {CFA21D47-3D21-4D3C-80FD-8A04260DB271}
	EndGlobalSection
EndGlobal
